
Microsoft Visual Studio Solution File, Format Version 12.00
# Visual Studio Version 17
VisualStudioVersion = 17.5.33516.290
MinimumVisualStudioVersion = 10.0.40219.1
Project("{FAE04EC0-301F-11D3-BF4B-00C04F79EFBC}") = "CapaPresentacion", "CapaPresentacion.csproj", "{5C48BCB2-660B-47CE-A5ED-5E8096435D9D}"
EndProject
Project("{FAE04EC0-301F-11D3-BF4B-00C04F79EFBC}") = "CapaLogica", "..\CapaLogica\CapaLogica.csproj", "{0E82A9A3-AC55-416D-BF93-1C06C1B12D75}"
EndProject
Project("{FAE04EC0-301F-11D3-BF4B-00C04F79EFBC}") = "CapaEntidad", "..\CapaEntidad\CapaEntidad.csproj", "{2D7A7953-B125-4759-9D0D-52F7819BEB2F}"
EndProject
Project("{FAE04EC0-301F-11D3-BF4B-00C04F79EFBC}") = "CapaDatos", "..\CapaDatos\CapaDatos.csproj", "{3C604DD5-53B2-4414-B938-6438180ADB00}"
EndProject
Global
	GlobalSection(SolutionConfigurationPlatforms) = preSolution
		Debug|Any CPU = Debug|Any CPU
		Release|Any CPU = Release|Any CPU
	EndGlobalSection
	GlobalSection(ProjectConfigurationPlatforms) = postSolution
		{5C48BCB2-660B-47CE-A5ED-5E8096435D9D}.Debug|Any CPU.ActiveCfg = Debug|Any CPU
		{5C48BCB2-660B-47CE-A5ED-5E8096435D9D}.Debug|Any CPU.Build.0 = Debug|Any CPU
		{5C48BCB2-660B-47CE-A5ED-5E8096435D9D}.Release|Any CPU.ActiveCfg = Release|Any CPU
		{5C48BCB2-660B-47CE-A5ED-5E8096435D9D}.Release|Any CPU.Build.0 = Release|Any CPU
		{0E82A9A3-AC55-416D-BF93-1C06C1B12D75}.Debug|Any CPU.ActiveCfg = Debug|Any CPU
		{0E82A9A3-AC55-416D-BF93-1C06C1B12D75}.Debug|Any CPU.Build.0 = Debug|Any CPU
		{0E82A9A3-AC55-416D-BF93-1C06C1B12D75}.Release|Any CPU.ActiveCfg = Release|Any CPU
		{0E82A9A3-AC55-416D-BF93-1C06C1B12D75}.Release|Any CPU.Build.0 = Release|Any CPU
		{2D7A7953-B125-4759-9D0D-52F7819BEB2F}.Debug|Any CPU.ActiveCfg = Debug|Any CPU
		{2D7A7953-B125-4759-9D0D-52F7819BEB2F}.Debug|Any CPU.Build.0 = Debug|Any CPU
		{2D7A7953-B125-4759-9D0D-52F7819BEB2F}.Release|Any CPU.ActiveCfg = Release|Any CPU
		{2D7A7953-B125-4759-9D0D-52F7819BEB2F}.Release|Any CPU.Build.0 = Release|Any CPU
		{3C604DD5-53B2-4414-B938-6438180ADB00}.Debug|Any CPU.ActiveCfg = Debug|Any CPU
		{3C604DD5-53B2-4414-B938-6438180ADB00}.Debug|Any CPU.Build.0 = Debug|Any CPU
		{3C604DD5-53B2-4414-B938-6438180ADB00}.Release|Any CPU.ActiveCfg = Release|Any CPU
		{3C604DD5-53B2-4414-B938-6438180ADB00}.Release|Any CPU.Build.0 = Release|Any CPU
	EndGlobalSection
	GlobalSection(SolutionProperties) = preSolution
		HideSolutionNode = FALSE
	EndGlobalSection
	GlobalSection(ExtensibilityGlobals) = postSolution
		SolutionGuid = {37439F63-BA9B-47AE-B9E8-019C9565D8D9}
	EndGlobalSection
EndGlobal
